// !$*UTF8*$!
{
	archiveVersion = 1;
	classes = {
	};
	objectVersion = 56;
	objects = {

/* Begin PBXBuildFile section */
		10369B282AABB98C00558A5E /* ExploreViewController.swift in Sources */ = {isa = PBXBuildFile; fileRef = 10369B272AABB98C00558A5E /* ExploreViewController.swift */; };
		10369B2B2AAC922400558A5E /* ExploreContentTableCell.swift in Sources */ = {isa = PBXBuildFile; fileRef = 10369B2A2AAC922400558A5E /* ExploreContentTableCell.swift */; };
		10369B2E2AACA4B300558A5E /* speechService.swift in Sources */ = {isa = PBXBuildFile; fileRef = 10369B2D2AACA4B300558A5E /* speechService.swift */; };
		10369B442AACF25800558A5E /* operations.proto in Sources */ = {isa = PBXBuildFile; fileRef = 10369B312AACF25700558A5E /* operations.proto */; };
		10369B462AACF25800558A5E /* cloud_speech.proto in Sources */ = {isa = PBXBuildFile; fileRef = 10369B362AACF25700558A5E /* cloud_speech.proto */; };
		10369B472AACF25800558A5E /* http.proto in Sources */ = {isa = PBXBuildFile; fileRef = 10369B382AACF25700558A5E /* http.proto */; };
		10369B482AACF25800558A5E /* monitored_resource.proto in Sources */ = {isa = PBXBuildFile; fileRef = 10369B392AACF25700558A5E /* monitored_resource.proto */; };
		10369B492AACF25800558A5E /* annotations.proto in Sources */ = {isa = PBXBuildFile; fileRef = 10369B3A2AACF25700558A5E /* annotations.proto */; };
		10369B4A2AACF25800558A5E /* label.proto in Sources */ = {isa = PBXBuildFile; fileRef = 10369B3B2AACF25700558A5E /* label.proto */; };
		10369B4B2AACF25800558A5E /* code.proto in Sources */ = {isa = PBXBuildFile; fileRef = 10369B3D2AACF25700558A5E /* code.proto */; };
		10369B4C2AACF25800558A5E /* status.proto in Sources */ = {isa = PBXBuildFile; fileRef = 10369B3E2AACF25700558A5E /* status.proto */; };
		10369B4E2AACF25800558A5E /* error_details.proto in Sources */ = {isa = PBXBuildFile; fileRef = 10369B402AACF25700558A5E /* error_details.proto */; };
		10369B4F2AACF25800558A5E /* descriptor.proto in Sources */ = {isa = PBXBuildFile; fileRef = 10369B422AACF25700558A5E /* descriptor.proto */; };
		10369B502AACF25800558A5E /* googleapis.podspec in Resources */ = {isa = PBXBuildFile; fileRef = 10369B432AACF25800558A5E /* googleapis.podspec */; };
		10369B522AACF2A800558A5E /* AudioController.swift in Sources */ = {isa = PBXBuildFile; fileRef = 10369B512AACF2A800558A5E /* AudioController.swift */; };
		10369B542AACF2B200558A5E /* SpeechRecognitionService.swift in Sources */ = {isa = PBXBuildFile; fileRef = 10369B532AACF2B100558A5E /* SpeechRecognitionService.swift */; };
		10369B572AAD05BA00558A5E /* Bridge.m in Sources */ = {isa = PBXBuildFile; fileRef = 10369B562AAD05BA00558A5E /* Bridge.m */; };
		10369B592AAD0F7D00558A5E /* GoogleSpeechManager.swift in Sources */ = {isa = PBXBuildFile; fileRef = 10369B582AAD0F7D00558A5E /* GoogleSpeechManager.swift */; };
		10369B5E2AAD45EC00558A5E /* SiriWaveView.swift in Sources */ = {isa = PBXBuildFile; fileRef = 10369B5D2AAD45EC00558A5E /* SiriWaveView.swift */; };
		10369B602AAD45FC00558A5E /* SiriWaveLine.swift in Sources */ = {isa = PBXBuildFile; fileRef = 10369B5F2AAD45FC00558A5E /* SiriWaveLine.swift */; };
		10369B622AAD461600558A5E /* waveUtils.swift in Sources */ = {isa = PBXBuildFile; fileRef = 10369B612AAD461600558A5E /* waveUtils.swift */; };
		1046C6A82AC0F4E100A7A8D4 /* ActivityImageView.swift in Sources */ = {isa = PBXBuildFile; fileRef = 1046C6A72AC0F4E100A7A8D4 /* ActivityImageView.swift */; };
		1046C6AB2AC122C800A7A8D4 /* StretchyCollectionViewCell.swift in Sources */ = {isa = PBXBuildFile; fileRef = 1046C6AA2AC122C800A7A8D4 /* StretchyCollectionViewCell.swift */; };
		1051A2BC2A9BE8B50083D25D /* TestViewController.swift in Sources */ = {isa = PBXBuildFile; fileRef = 1051A2BB2A9BE8B50083D25D /* TestViewController.swift */; };
		1051A2BF2A9BEE790083D25D /* LoaderView+ext.swift in Sources */ = {isa = PBXBuildFile; fileRef = 1051A2BE2A9BEE790083D25D /* LoaderView+ext.swift */; };
		1051A2C12A9BEFB90083D25D /* LoaderView.swift in Sources */ = {isa = PBXBuildFile; fileRef = 1051A2C02A9BEFB90083D25D /* LoaderView.swift */; };
		1051A2C32A9BF3320083D25D /* SpinnerView.swift in Sources */ = {isa = PBXBuildFile; fileRef = 1051A2C22A9BF3320083D25D /* SpinnerView.swift */; };
		106B01442A9E694600D9290D /* AccountView.swift in Sources */ = {isa = PBXBuildFile; fileRef = 106B01432A9E694600D9290D /* AccountView.swift */; };
		10740E662AA517D500C2D6C0 /* MainTabBarController.swift in Sources */ = {isa = PBXBuildFile; fileRef = 10740E652AA517D500C2D6C0 /* MainTabBarController.swift */; };
		108847E22ABEE5F700B835F8 /* CustomNavButton.swift in Sources */ = {isa = PBXBuildFile; fileRef = 108847E12ABEE5F700B835F8 /* CustomNavButton.swift */; };
		108B56522A9D1541000DF967 /* HeaderView.swift in Sources */ = {isa = PBXBuildFile; fileRef = 108B56512A9D1541000DF967 /* HeaderView.swift */; };
		108B56542A9D25E3000DF967 /* SectionHeaderView.swift in Sources */ = {isa = PBXBuildFile; fileRef = 108B56532A9D25E3000DF967 /* SectionHeaderView.swift */; };
		108B56572A9D2EFE000DF967 /* MainCollectionView.swift in Sources */ = {isa = PBXBuildFile; fileRef = 108B56562A9D2EFE000DF967 /* MainCollectionView.swift */; };
		108FC8632A878FF900A97BE0 /* ChatViewController.swift in Sources */ = {isa = PBXBuildFile; fileRef = 108FC8622A878FF900A97BE0 /* ChatViewController.swift */; };
		108FC8672A879F8D00A97BE0 /* ChatRecieverCell.swift in Sources */ = {isa = PBXBuildFile; fileRef = 108FC8662A879F8D00A97BE0 /* ChatRecieverCell.swift */; };
		108FC86A2A87A09C00A97BE0 /* UIColor+Ext.swift in Sources */ = {isa = PBXBuildFile; fileRef = 108FC8692A87A09C00A97BE0 /* UIColor+Ext.swift */; };
		108FC86D2A87A0D500A97BE0 /* UIColor.swift in Sources */ = {isa = PBXBuildFile; fileRef = 108FC86C2A87A0D500A97BE0 /* UIColor.swift */; };
		108FC86F2A87A1B700A97BE0 /* ChatSenderCell.swift in Sources */ = {isa = PBXBuildFile; fileRef = 108FC86E2A87A1B700A97BE0 /* ChatSenderCell.swift */; };
		108FC8712A87AEDB00A97BE0 /* ChatBottomSendView.swift in Sources */ = {isa = PBXBuildFile; fileRef = 108FC8702A87AEDB00A97BE0 /* ChatBottomSendView.swift */; };
		108FC8732A87B20400A97BE0 /* UIViewController+Ext.swift in Sources */ = {isa = PBXBuildFile; fileRef = 108FC8722A87B20400A97BE0 /* UIViewController+Ext.swift */; };
		108FC8762A882D6000A97BE0 /* API.swift in Sources */ = {isa = PBXBuildFile; fileRef = 108FC8752A882D6000A97BE0 /* API.swift */; };
		108FC8792A882EF900A97BE0 /* ChatModel.swift in Sources */ = {isa = PBXBuildFile; fileRef = 108FC8782A882EF900A97BE0 /* ChatModel.swift */; };
		108FC87C2A883D5800A97BE0 /* File.swift in Sources */ = {isa = PBXBuildFile; fileRef = 108FC87B2A883D5800A97BE0 /* File.swift */; };
		1091DE562AC0DAC7008664E9 /* FavoritesModel.swift in Sources */ = {isa = PBXBuildFile; fileRef = 1091DE552AC0DAC7008664E9 /* FavoritesModel.swift */; };
		1091DE592AC0DDA4008664E9 /* FavoritesViewController.swift in Sources */ = {isa = PBXBuildFile; fileRef = 1091DE582AC0DDA4008664E9 /* FavoritesViewController.swift */; };
		1091DE5C2AC0DE12008664E9 /* FavoritesTableViewCell.swift in Sources */ = {isa = PBXBuildFile; fileRef = 1091DE5B2AC0DE12008664E9 /* FavoritesTableViewCell.swift */; };
		10AD11E02ABF01A600F68BC9 /* Vibration.swift in Sources */ = {isa = PBXBuildFile; fileRef = 10AD11DF2ABF01A600F68BC9 /* Vibration.swift */; };
		10AD11E22ABF020E00F68BC9 /* AddToFavorite.swift in Sources */ = {isa = PBXBuildFile; fileRef = 10AD11E12ABF020E00F68BC9 /* AddToFavorite.swift */; };
		10C9163B2A7821FE0054B55C /* AppDelegate.swift in Sources */ = {isa = PBXBuildFile; fileRef = 10C9163A2A7821FE0054B55C /* AppDelegate.swift */; };
		10C9163D2A7821FE0054B55C /* SceneDelegate.swift in Sources */ = {isa = PBXBuildFile; fileRef = 10C9163C2A7821FE0054B55C /* SceneDelegate.swift */; };
		10C916422A7821FE0054B55C /* Main.storyboard in Resources */ = {isa = PBXBuildFile; fileRef = 10C916402A7821FE0054B55C /* Main.storyboard */; };
		10C916442A7821FE0054B55C /* Assets.xcassets in Resources */ = {isa = PBXBuildFile; fileRef = 10C916432A7821FE0054B55C /* Assets.xcassets */; };
		10C916472A7821FE0054B55C /* LaunchScreen.storyboard in Resources */ = {isa = PBXBuildFile; fileRef = 10C916452A7821FE0054B55C /* LaunchScreen.storyboard */; };
		10DEB84D2A927877008CE34F /* MainViewController.swift in Sources */ = {isa = PBXBuildFile; fileRef = 10DEB84C2A927877008CE34F /* MainViewController.swift */; };
		10DEB8502A92791D008CE34F /* MainTableViewCell.swift in Sources */ = {isa = PBXBuildFile; fileRef = 10DEB84F2A92791D008CE34F /* MainTableViewCell.swift */; };
		10EB81442ABCBA1200D7126E /* Main_API.swift in Sources */ = {isa = PBXBuildFile; fileRef = 10EB81432ABCBA1200D7126E /* Main_API.swift */; };
		10EB81462ABCBA7500D7126E /* MainModel.swift in Sources */ = {isa = PBXBuildFile; fileRef = 10EB81452ABCBA7500D7126E /* MainModel.swift */; };
		8C0EFDBB2ABDFEFF008C101F /* ViewController.swift in Sources */ = {isa = PBXBuildFile; fileRef = 8C0EFDBA2ABDFEFF008C101F /* ViewController.swift */; };
		8C56C12A2ABAD00B007D1781 /* InfoWindowVC.swift in Sources */ = {isa = PBXBuildFile; fileRef = 8C56C1262ABAD002007D1781 /* InfoWindowVC.swift */; };
		8C56C12B2ABAD00B007D1781 /* SearchVC.swift in Sources */ = {isa = PBXBuildFile; fileRef = 8C56C1272ABAD005007D1781 /* SearchVC.swift */; };
		8C56C12C2ABAD00B007D1781 /* GooglePlacesManager.swift in Sources */ = {isa = PBXBuildFile; fileRef = 8C56C1282ABAD008007D1781 /* GooglePlacesManager.swift */; };
		8C7A9C412ABAD0FE005F790D /* mapVC.swift in Sources */ = {isa = PBXBuildFile; fileRef = 8C7A9C402ABAD0FE005F790D /* mapVC.swift */; };
		8C7A9C462ABAD115005F790D /* ViewAllTableViewCell.swift in Sources */ = {isa = PBXBuildFile; fileRef = 8C7A9C432ABAD113005F790D /* ViewAllTableViewCell.swift */; };
		8C7A9C472ABAD115005F790D /* ViewAllVC.swift in Sources */ = {isa = PBXBuildFile; fileRef = 8C7A9C442ABAD114005F790D /* ViewAllVC.swift */; };
		8C7A9C482ABAD115005F790D /* LocationVC.swift in Sources */ = {isa = PBXBuildFile; fileRef = 8C7A9C452ABAD115005F790D /* LocationVC.swift */; };
		8C93A19D2ABB7F9C009F96BA /* search_api.swift in Sources */ = {isa = PBXBuildFile; fileRef = 8C93A19C2ABB7F9C009F96BA /* search_api.swift */; };
		8CA9559C2ABCC23B00F95261 /* ImageCollectionViewCell.swift in Sources */ = {isa = PBXBuildFile; fileRef = 8CA9559B2ABCC23B00F95261 /* ImageCollectionViewCell.swift */; };
		8CC44D4C2ABEE92900A5ACC0 /* UIImageView.swift in Sources */ = {isa = PBXBuildFile; fileRef = 8CC44D4B2ABEE92900A5ACC0 /* UIImageView.swift */; };
		CC9919E76C879291F05D5D09 /* Pods_TourismApp.framework in Frameworks */ = {isa = PBXBuildFile; fileRef = 3F6A5C0325368C51BDC06D5A /* Pods_TourismApp.framework */; };
/* End PBXBuildFile section */

/* Begin PBXFileReference section */
		10369B272AABB98C00558A5E /* ExploreViewController.swift */ = {isa = PBXFileReference; lastKnownFileType = sourcecode.swift; path = ExploreViewController.swift; sourceTree = "<group>"; };
		10369B2A2AAC922400558A5E /* ExploreContentTableCell.swift */ = {isa = PBXFileReference; lastKnownFileType = sourcecode.swift; path = ExploreContentTableCell.swift; sourceTree = "<group>"; };
		10369B2D2AACA4B300558A5E /* speechService.swift */ = {isa = PBXFileReference; lastKnownFileType = sourcecode.swift; path = speechService.swift; sourceTree = "<group>"; };
		10369B312AACF25700558A5E /* operations.proto */ = {isa = PBXFileReference; fileEncoding = 4; lastKnownFileType = sourcecode.protobuf; path = operations.proto; sourceTree = "<group>"; };
		10369B322AACF25700558A5E /* README.md */ = {isa = PBXFileReference; fileEncoding = 4; lastKnownFileType = net.daringfireball.markdown; path = README.md; sourceTree = "<group>"; };
		10369B362AACF25700558A5E /* cloud_speech.proto */ = {isa = PBXFileReference; fileEncoding = 4; lastKnownFileType = sourcecode.protobuf; path = cloud_speech.proto; sourceTree = "<group>"; };
		10369B382AACF25700558A5E /* http.proto */ = {isa = PBXFileReference; fileEncoding = 4; lastKnownFileType = sourcecode.protobuf; path = http.proto; sourceTree = "<group>"; };
		10369B392AACF25700558A5E /* monitored_resource.proto */ = {isa = PBXFileReference; fileEncoding = 4; lastKnownFileType = sourcecode.protobuf; path = monitored_resource.proto; sourceTree = "<group>"; };
		10369B3A2AACF25700558A5E /* annotations.proto */ = {isa = PBXFileReference; fileEncoding = 4; lastKnownFileType = sourcecode.protobuf; path = annotations.proto; sourceTree = "<group>"; };
		10369B3B2AACF25700558A5E /* label.proto */ = {isa = PBXFileReference; fileEncoding = 4; lastKnownFileType = sourcecode.protobuf; path = label.proto; sourceTree = "<group>"; };
		10369B3D2AACF25700558A5E /* code.proto */ = {isa = PBXFileReference; fileEncoding = 4; lastKnownFileType = sourcecode.protobuf; path = code.proto; sourceTree = "<group>"; };
		10369B3E2AACF25700558A5E /* status.proto */ = {isa = PBXFileReference; fileEncoding = 4; lastKnownFileType = sourcecode.protobuf; path = status.proto; sourceTree = "<group>"; };
		10369B3F2AACF25700558A5E /* README.md */ = {isa = PBXFileReference; fileEncoding = 4; lastKnownFileType = net.daringfireball.markdown; path = README.md; sourceTree = "<group>"; };
		10369B402AACF25700558A5E /* error_details.proto */ = {isa = PBXFileReference; fileEncoding = 4; lastKnownFileType = sourcecode.protobuf; path = error_details.proto; sourceTree = "<group>"; };
		10369B422AACF25700558A5E /* descriptor.proto */ = {isa = PBXFileReference; fileEncoding = 4; lastKnownFileType = sourcecode.protobuf; path = descriptor.proto; sourceTree = "<group>"; };
		10369B432AACF25800558A5E /* googleapis.podspec */ = {isa = PBXFileReference; fileEncoding = 4; lastKnownFileType = text; path = googleapis.podspec; sourceTree = "<group>"; };
		10369B512AACF2A800558A5E /* AudioController.swift */ = {isa = PBXFileReference; fileEncoding = 4; lastKnownFileType = sourcecode.swift; path = AudioController.swift; sourceTree = "<group>"; };
		10369B532AACF2B100558A5E /* SpeechRecognitionService.swift */ = {isa = PBXFileReference; fileEncoding = 4; lastKnownFileType = sourcecode.swift; path = SpeechRecognitionService.swift; sourceTree = "<group>"; };
		10369B552AAD05B900558A5E /* TourismApp-Bridging-Header.h */ = {isa = PBXFileReference; lastKnownFileType = sourcecode.c.h; path = "TourismApp-Bridging-Header.h"; sourceTree = "<group>"; };
		10369B562AAD05BA00558A5E /* Bridge.m */ = {isa = PBXFileReference; lastKnownFileType = sourcecode.c.objc; path = Bridge.m; sourceTree = "<group>"; };
		10369B582AAD0F7D00558A5E /* GoogleSpeechManager.swift */ = {isa = PBXFileReference; lastKnownFileType = sourcecode.swift; path = GoogleSpeechManager.swift; sourceTree = "<group>"; };
		10369B5D2AAD45EC00558A5E /* SiriWaveView.swift */ = {isa = PBXFileReference; lastKnownFileType = sourcecode.swift; path = SiriWaveView.swift; sourceTree = "<group>"; };
		10369B5F2AAD45FC00558A5E /* SiriWaveLine.swift */ = {isa = PBXFileReference; lastKnownFileType = sourcecode.swift; path = SiriWaveLine.swift; sourceTree = "<group>"; };
		10369B612AAD461600558A5E /* waveUtils.swift */ = {isa = PBXFileReference; lastKnownFileType = sourcecode.swift; path = waveUtils.swift; sourceTree = "<group>"; };
		1046C6A72AC0F4E100A7A8D4 /* ActivityImageView.swift */ = {isa = PBXFileReference; lastKnownFileType = sourcecode.swift; path = ActivityImageView.swift; sourceTree = "<group>"; };
		1046C6AA2AC122C800A7A8D4 /* StretchyCollectionViewCell.swift */ = {isa = PBXFileReference; lastKnownFileType = sourcecode.swift; path = StretchyCollectionViewCell.swift; sourceTree = "<group>"; };
		1051A2BB2A9BE8B50083D25D /* TestViewController.swift */ = {isa = PBXFileReference; lastKnownFileType = sourcecode.swift; path = TestViewController.swift; sourceTree = "<group>"; };
		1051A2BE2A9BEE790083D25D /* LoaderView+ext.swift */ = {isa = PBXFileReference; lastKnownFileType = sourcecode.swift; path = "LoaderView+ext.swift"; sourceTree = "<group>"; };
		1051A2C02A9BEFB90083D25D /* LoaderView.swift */ = {isa = PBXFileReference; lastKnownFileType = sourcecode.swift; path = LoaderView.swift; sourceTree = "<group>"; };
		1051A2C22A9BF3320083D25D /* SpinnerView.swift */ = {isa = PBXFileReference; lastKnownFileType = sourcecode.swift; path = SpinnerView.swift; sourceTree = "<group>"; };
		106B01432A9E694600D9290D /* AccountView.swift */ = {isa = PBXFileReference; lastKnownFileType = sourcecode.swift; path = AccountView.swift; sourceTree = "<group>"; };
		10740E652AA517D500C2D6C0 /* MainTabBarController.swift */ = {isa = PBXFileReference; lastKnownFileType = sourcecode.swift; path = MainTabBarController.swift; sourceTree = "<group>"; };
		108847E12ABEE5F700B835F8 /* CustomNavButton.swift */ = {isa = PBXFileReference; lastKnownFileType = sourcecode.swift; path = CustomNavButton.swift; sourceTree = "<group>"; };
		108B56512A9D1541000DF967 /* HeaderView.swift */ = {isa = PBXFileReference; lastKnownFileType = sourcecode.swift; path = HeaderView.swift; sourceTree = "<group>"; };
		108B56532A9D25E3000DF967 /* SectionHeaderView.swift */ = {isa = PBXFileReference; lastKnownFileType = sourcecode.swift; path = SectionHeaderView.swift; sourceTree = "<group>"; };
		108B56562A9D2EFE000DF967 /* MainCollectionView.swift */ = {isa = PBXFileReference; lastKnownFileType = sourcecode.swift; path = MainCollectionView.swift; sourceTree = "<group>"; };
		108FC8622A878FF900A97BE0 /* ChatViewController.swift */ = {isa = PBXFileReference; lastKnownFileType = sourcecode.swift; path = ChatViewController.swift; sourceTree = "<group>"; };
		108FC8662A879F8D00A97BE0 /* ChatRecieverCell.swift */ = {isa = PBXFileReference; lastKnownFileType = sourcecode.swift; path = ChatRecieverCell.swift; sourceTree = "<group>"; };
		108FC8692A87A09C00A97BE0 /* UIColor+Ext.swift */ = {isa = PBXFileReference; lastKnownFileType = sourcecode.swift; path = "UIColor+Ext.swift"; sourceTree = "<group>"; };
		108FC86C2A87A0D500A97BE0 /* UIColor.swift */ = {isa = PBXFileReference; lastKnownFileType = sourcecode.swift; path = UIColor.swift; sourceTree = "<group>"; };
		108FC86E2A87A1B700A97BE0 /* ChatSenderCell.swift */ = {isa = PBXFileReference; lastKnownFileType = sourcecode.swift; path = ChatSenderCell.swift; sourceTree = "<group>"; };
		108FC8702A87AEDB00A97BE0 /* ChatBottomSendView.swift */ = {isa = PBXFileReference; lastKnownFileType = sourcecode.swift; path = ChatBottomSendView.swift; sourceTree = "<group>"; };
		108FC8722A87B20400A97BE0 /* UIViewController+Ext.swift */ = {isa = PBXFileReference; lastKnownFileType = sourcecode.swift; path = "UIViewController+Ext.swift"; sourceTree = "<group>"; };
		108FC8752A882D6000A97BE0 /* API.swift */ = {isa = PBXFileReference; lastKnownFileType = sourcecode.swift; path = API.swift; sourceTree = "<group>"; };
		108FC8782A882EF900A97BE0 /* ChatModel.swift */ = {isa = PBXFileReference; lastKnownFileType = sourcecode.swift; path = ChatModel.swift; sourceTree = "<group>"; };
		108FC87A2A883AF300A97BE0 /* TourismApp.entitlements */ = {isa = PBXFileReference; lastKnownFileType = text.plist.entitlements; path = TourismApp.entitlements; sourceTree = "<group>"; };
		108FC87B2A883D5800A97BE0 /* File.swift */ = {isa = PBXFileReference; lastKnownFileType = sourcecode.swift; path = File.swift; sourceTree = "<group>"; };
		1091DE552AC0DAC7008664E9 /* FavoritesModel.swift */ = {isa = PBXFileReference; lastKnownFileType = sourcecode.swift; path = FavoritesModel.swift; sourceTree = "<group>"; };
		1091DE582AC0DDA4008664E9 /* FavoritesViewController.swift */ = {isa = PBXFileReference; lastKnownFileType = sourcecode.swift; path = FavoritesViewController.swift; sourceTree = "<group>"; };
		1091DE5B2AC0DE12008664E9 /* FavoritesTableViewCell.swift */ = {isa = PBXFileReference; lastKnownFileType = sourcecode.swift; path = FavoritesTableViewCell.swift; sourceTree = "<group>"; };
		10AD11DF2ABF01A600F68BC9 /* Vibration.swift */ = {isa = PBXFileReference; lastKnownFileType = sourcecode.swift; path = Vibration.swift; sourceTree = "<group>"; };
		10AD11E12ABF020E00F68BC9 /* AddToFavorite.swift */ = {isa = PBXFileReference; lastKnownFileType = sourcecode.swift; path = AddToFavorite.swift; sourceTree = "<group>"; };
		10C916372A7821FE0054B55C /* TourismApp.app */ = {isa = PBXFileReference; explicitFileType = wrapper.application; includeInIndex = 0; path = TourismApp.app; sourceTree = BUILT_PRODUCTS_DIR; };
		10C9163A2A7821FE0054B55C /* AppDelegate.swift */ = {isa = PBXFileReference; lastKnownFileType = sourcecode.swift; path = AppDelegate.swift; sourceTree = "<group>"; };
		10C9163C2A7821FE0054B55C /* SceneDelegate.swift */ = {isa = PBXFileReference; lastKnownFileType = sourcecode.swift; path = SceneDelegate.swift; sourceTree = "<group>"; };
		10C916412A7821FE0054B55C /* Base */ = {isa = PBXFileReference; lastKnownFileType = file.storyboard; name = Base; path = Base.lproj/Main.storyboard; sourceTree = "<group>"; };
		10C916432A7821FE0054B55C /* Assets.xcassets */ = {isa = PBXFileReference; lastKnownFileType = folder.assetcatalog; path = Assets.xcassets; sourceTree = "<group>"; };
		10C916462A7821FE0054B55C /* Base */ = {isa = PBXFileReference; lastKnownFileType = file.storyboard; name = Base; path = Base.lproj/LaunchScreen.storyboard; sourceTree = "<group>"; };
		10C916482A7821FE0054B55C /* Info.plist */ = {isa = PBXFileReference; lastKnownFileType = text.plist.xml; path = Info.plist; sourceTree = "<group>"; };
		10DEB84C2A927877008CE34F /* MainViewController.swift */ = {isa = PBXFileReference; lastKnownFileType = sourcecode.swift; path = MainViewController.swift; sourceTree = "<group>"; };
		10DEB84F2A92791D008CE34F /* MainTableViewCell.swift */ = {isa = PBXFileReference; lastKnownFileType = sourcecode.swift; path = MainTableViewCell.swift; sourceTree = "<group>"; };
		10EB81432ABCBA1200D7126E /* Main_API.swift */ = {isa = PBXFileReference; lastKnownFileType = sourcecode.swift; path = Main_API.swift; sourceTree = "<group>"; };
		10EB81452ABCBA7500D7126E /* MainModel.swift */ = {isa = PBXFileReference; lastKnownFileType = sourcecode.swift; path = MainModel.swift; sourceTree = "<group>"; };
		1BE165FE71FEBCA7F0F275C3 /* Pods-TourismApp.release.xcconfig */ = {isa = PBXFileReference; includeInIndex = 1; lastKnownFileType = text.xcconfig; name = "Pods-TourismApp.release.xcconfig"; path = "Target Support Files/Pods-TourismApp/Pods-TourismApp.release.xcconfig"; sourceTree = "<group>"; };
		3F6A5C0325368C51BDC06D5A /* Pods_TourismApp.framework */ = {isa = PBXFileReference; explicitFileType = wrapper.framework; includeInIndex = 0; path = Pods_TourismApp.framework; sourceTree = BUILT_PRODUCTS_DIR; };
		8C0EFDBA2ABDFEFF008C101F /* ViewController.swift */ = {isa = PBXFileReference; lastKnownFileType = sourcecode.swift; path = ViewController.swift; sourceTree = "<group>"; };
		8C56C1262ABAD002007D1781 /* InfoWindowVC.swift */ = {isa = PBXFileReference; fileEncoding = 4; lastKnownFileType = sourcecode.swift; path = InfoWindowVC.swift; sourceTree = "<group>"; };
		8C56C1272ABAD005007D1781 /* SearchVC.swift */ = {isa = PBXFileReference; fileEncoding = 4; lastKnownFileType = sourcecode.swift; path = SearchVC.swift; sourceTree = "<group>"; };
		8C56C1282ABAD008007D1781 /* GooglePlacesManager.swift */ = {isa = PBXFileReference; fileEncoding = 4; lastKnownFileType = sourcecode.swift; path = GooglePlacesManager.swift; sourceTree = "<group>"; };
		8C7A9C402ABAD0FE005F790D /* mapVC.swift */ = {isa = PBXFileReference; fileEncoding = 4; lastKnownFileType = sourcecode.swift; path = mapVC.swift; sourceTree = "<group>"; };
		8C7A9C432ABAD113005F790D /* ViewAllTableViewCell.swift */ = {isa = PBXFileReference; fileEncoding = 4; lastKnownFileType = sourcecode.swift; path = ViewAllTableViewCell.swift; sourceTree = "<group>"; };
		8C7A9C442ABAD114005F790D /* ViewAllVC.swift */ = {isa = PBXFileReference; fileEncoding = 4; lastKnownFileType = sourcecode.swift; path = ViewAllVC.swift; sourceTree = "<group>"; };
		8C7A9C452ABAD115005F790D /* LocationVC.swift */ = {isa = PBXFileReference; fileEncoding = 4; lastKnownFileType = sourcecode.swift; path = LocationVC.swift; sourceTree = "<group>"; };
		8C93A19C2ABB7F9C009F96BA /* search_api.swift */ = {isa = PBXFileReference; lastKnownFileType = sourcecode.swift; path = search_api.swift; sourceTree = "<group>"; };
		8CA9559B2ABCC23B00F95261 /* ImageCollectionViewCell.swift */ = {isa = PBXFileReference; lastKnownFileType = sourcecode.swift; path = ImageCollectionViewCell.swift; sourceTree = "<group>"; };
		8CC44D4B2ABEE92900A5ACC0 /* UIImageView.swift */ = {isa = PBXFileReference; lastKnownFileType = sourcecode.swift; path = UIImageView.swift; sourceTree = "<group>"; };
		C2302B2CBEDB114D937A8CB9 /* Pods-TourismApp.debug.xcconfig */ = {isa = PBXFileReference; includeInIndex = 1; lastKnownFileType = text.xcconfig; name = "Pods-TourismApp.debug.xcconfig"; path = "Target Support Files/Pods-TourismApp/Pods-TourismApp.debug.xcconfig"; sourceTree = "<group>"; };
/* End PBXFileReference section */

/* Begin PBXFrameworksBuildPhase section */
		10C916342A7821FE0054B55C /* Frameworks */ = {
			isa = PBXFrameworksBuildPhase;
			buildActionMask = 2147483647;
			files = (
				CC9919E76C879291F05D5D09 /* Pods_TourismApp.framework in Frameworks */,
			);
			runOnlyForDeploymentPostprocessing = 0;
		};
/* End PBXFrameworksBuildPhase section */

/* Begin PBXGroup section */
		10369B262AABB95F00558A5E /* tab_bar_screen */ = {
			isa = PBXGroup;
			children = (
				10740E652AA517D500C2D6C0 /* MainTabBarController.swift */,
			);
			path = tab_bar_screen;
			sourceTree = "<group>";
		};
		10369B292AAC920500558A5E /* cell */ = {
			isa = PBXGroup;
			children = (
				10369B2A2AAC922400558A5E /* ExploreContentTableCell.swift */,
			);
			path = cell;
			sourceTree = "<group>";
		};
		10369B2C2AACA49800558A5E /* google_speech */ = {
			isa = PBXGroup;
			children = (
				10369B2D2AACA4B300558A5E /* speechService.swift */,
				10369B582AAD0F7D00558A5E /* GoogleSpeechManager.swift */,
			);
			path = google_speech;
			sourceTree = "<group>";
		};
		10369B2F2AACF25700558A5E /* google */ = {
			isa = PBXGroup;
			children = (
				10369B302AACF25700558A5E /* longrunning */,
				10369B332AACF25700558A5E /* cloud */,
				10369B372AACF25700558A5E /* api */,
				10369B3C2AACF25700558A5E /* rpc */,
				10369B412AACF25700558A5E /* protobuf */,
			);
			path = google;
			sourceTree = "<group>";
		};
		10369B302AACF25700558A5E /* longrunning */ = {
			isa = PBXGroup;
			children = (
				10369B312AACF25700558A5E /* operations.proto */,
				10369B322AACF25700558A5E /* README.md */,
			);
			path = longrunning;
			sourceTree = "<group>";
		};
		10369B332AACF25700558A5E /* cloud */ = {
			isa = PBXGroup;
			children = (
				10369B342AACF25700558A5E /* speech */,
			);
			path = cloud;
			sourceTree = "<group>";
		};
		10369B342AACF25700558A5E /* speech */ = {
			isa = PBXGroup;
			children = (
				10369B352AACF25700558A5E /* v1 */,
			);
			path = speech;
			sourceTree = "<group>";
		};
		10369B352AACF25700558A5E /* v1 */ = {
			isa = PBXGroup;
			children = (
				10369B362AACF25700558A5E /* cloud_speech.proto */,
			);
			path = v1;
			sourceTree = "<group>";
		};
		10369B372AACF25700558A5E /* api */ = {
			isa = PBXGroup;
			children = (
				10369B382AACF25700558A5E /* http.proto */,
				10369B392AACF25700558A5E /* monitored_resource.proto */,
				10369B3A2AACF25700558A5E /* annotations.proto */,
				10369B3B2AACF25700558A5E /* label.proto */,
			);
			path = api;
			sourceTree = "<group>";
		};
		10369B3C2AACF25700558A5E /* rpc */ = {
			isa = PBXGroup;
			children = (
				10369B3D2AACF25700558A5E /* code.proto */,
				10369B3E2AACF25700558A5E /* status.proto */,
				10369B3F2AACF25700558A5E /* README.md */,
				10369B402AACF25700558A5E /* error_details.proto */,
			);
			path = rpc;
			sourceTree = "<group>";
		};
		10369B412AACF25700558A5E /* protobuf */ = {
			isa = PBXGroup;
			children = (
				10369B422AACF25700558A5E /* descriptor.proto */,
			);
			path = protobuf;
			sourceTree = "<group>";
		};
		10369B5C2AAD45C100558A5E /* wave_view */ = {
			isa = PBXGroup;
			children = (
				10369B5D2AAD45EC00558A5E /* SiriWaveView.swift */,
				10369B5F2AAD45FC00558A5E /* SiriWaveLine.swift */,
				10369B612AAD461600558A5E /* waveUtils.swift */,
			);
			path = wave_view;
			sourceTree = "<group>";
		};
		1046C6A92AC122B000A7A8D4 /* cell */ = {
			isa = PBXGroup;
			children = (
				1046C6AA2AC122C800A7A8D4 /* StretchyCollectionViewCell.swift */,
			);
			path = cell;
			sourceTree = "<group>";
		};
		1051A2BD2A9BEE500083D25D /* customizations */ = {
			isa = PBXGroup;
			children = (
				1051A2C42A9BF5A60083D25D /* Loader */,
			);
			path = customizations;
			sourceTree = "<group>";
		};
		1051A2C42A9BF5A60083D25D /* Loader */ = {
			isa = PBXGroup;
			children = (
				1051A2C52A9BF5B40083D25D /* view */,
				1051A2BE2A9BEE790083D25D /* LoaderView+ext.swift */,
			);
			path = Loader;
			sourceTree = "<group>";
		};
		1051A2C52A9BF5B40083D25D /* view */ = {
			isa = PBXGroup;
			children = (
				1051A2C22A9BF3320083D25D /* SpinnerView.swift */,
				1051A2C02A9BEFB90083D25D /* LoaderView.swift */,
			);
			path = view;
			sourceTree = "<group>";
		};
		10740E642AA517AE00C2D6C0 /* eplore_page */ = {
			isa = PBXGroup;
			children = (
				10369B292AAC920500558A5E /* cell */,
				10369B272AABB98C00558A5E /* ExploreViewController.swift */,
			);
			path = eplore_page;
			sourceTree = "<group>";
		};
		108847E02ABEE5A800B835F8 /* Custom Views */ = {
			isa = PBXGroup;
			children = (
				108847E12ABEE5F700B835F8 /* CustomNavButton.swift */,
				10AD11DF2ABF01A600F68BC9 /* Vibration.swift */,
				1046C6A72AC0F4E100A7A8D4 /* ActivityImageView.swift */,
			);
			path = "Custom Views";
			sourceTree = "<group>";
		};
		108B56502A9D1537000DF967 /* view */ = {
			isa = PBXGroup;
			children = (
				1046C6A92AC122B000A7A8D4 /* cell */,
				108B56512A9D1541000DF967 /* HeaderView.swift */,
				108B56532A9D25E3000DF967 /* SectionHeaderView.swift */,
				106B01432A9E694600D9290D /* AccountView.swift */,
			);
			path = view;
			sourceTree = "<group>";
		};
		108B56552A9D2EE7000DF967 /* collection_cell */ = {
			isa = PBXGroup;
			children = (
				108B56562A9D2EFE000DF967 /* MainCollectionView.swift */,
			);
			path = collection_cell;
			sourceTree = "<group>";
		};
		108FC85D2A878BB200A97BE0 /* screens */ = {
			isa = PBXGroup;
			children = (
				1091DE572AC0DD97008664E9 /* favorites_page */,
				8C7A9C492ABAD11D005F790D /* view_all */,
				8C7A9C422ABAD106005F790D /* google_map */,
				8C56C12E2ABAD017007D1781 /* search_page */,
				1051A2BB2A9BE8B50083D25D /* TestViewController.swift */,
				10369B262AABB95F00558A5E /* tab_bar_screen */,
				10740E642AA517AE00C2D6C0 /* eplore_page */,
				10DEB84B2A92748E008CE34F /* main_page */,
				108FC8612A878FBF00A97BE0 /* chat_page */,
			);
			path = screens;
			sourceTree = "<group>";
		};
		108FC8602A878DFA00A97BE0 /* others */ = {
			isa = PBXGroup;
			children = (
				10C916452A7821FE0054B55C /* LaunchScreen.storyboard */,
				10C916402A7821FE0054B55C /* Main.storyboard */,
			);
			path = others;
			sourceTree = "<group>";
		};
		108FC8612A878FBF00A97BE0 /* chat_page */ = {
			isa = PBXGroup;
			children = (
				10369B5C2AAD45C100558A5E /* wave_view */,
				108FC8652A87901600A97BE0 /* view */,
				108FC8642A87901000A97BE0 /* cell */,
				108FC8622A878FF900A97BE0 /* ChatViewController.swift */,
			);
			path = chat_page;
			sourceTree = "<group>";
		};
		108FC8642A87901000A97BE0 /* cell */ = {
			isa = PBXGroup;
			children = (
				108FC8662A879F8D00A97BE0 /* ChatRecieverCell.swift */,
				108FC86E2A87A1B700A97BE0 /* ChatSenderCell.swift */,
			);
			path = cell;
			sourceTree = "<group>";
		};
		108FC8652A87901600A97BE0 /* view */ = {
			isa = PBXGroup;
			children = (
				108FC8702A87AEDB00A97BE0 /* ChatBottomSendView.swift */,
			);
			path = view;
			sourceTree = "<group>";
		};
		108FC8682A87A08900A97BE0 /* extensions */ = {
			isa = PBXGroup;
			children = (
				108FC8692A87A09C00A97BE0 /* UIColor+Ext.swift */,
				108FC8722A87B20400A97BE0 /* UIViewController+Ext.swift */,
				108FC87B2A883D5800A97BE0 /* File.swift */,
				8CC44D4B2ABEE92900A5ACC0 /* UIImageView.swift */,
			);
			path = extensions;
			sourceTree = "<group>";
		};
		108FC86B2A87A0D100A97BE0 /* utils */ = {
			isa = PBXGroup;
			children = (
				108FC86C2A87A0D500A97BE0 /* UIColor.swift */,
			);
			path = utils;
			sourceTree = "<group>";
		};
		108FC8742A882D4A00A97BE0 /* networking */ = {
			isa = PBXGroup;
			children = (
				1091DE542AC0DABE008664E9 /* model */,
				108FC8752A882D6000A97BE0 /* API.swift */,
				10AD11E12ABF020E00F68BC9 /* AddToFavorite.swift */,
			);
			path = networking;
			sourceTree = "<group>";
		};
		108FC8772A882EE500A97BE0 /* model */ = {
			isa = PBXGroup;
			children = (
				108FC8782A882EF900A97BE0 /* ChatModel.swift */,
			);
			path = model;
			sourceTree = "<group>";
		};
		1091DE542AC0DABE008664E9 /* model */ = {
			isa = PBXGroup;
			children = (
				1091DE552AC0DAC7008664E9 /* FavoritesModel.swift */,
			);
			path = model;
			sourceTree = "<group>";
		};
		1091DE572AC0DD97008664E9 /* favorites_page */ = {
			isa = PBXGroup;
			children = (
				1091DE5A2AC0DDEE008664E9 /* view */,
				1091DE582AC0DDA4008664E9 /* FavoritesViewController.swift */,
			);
			path = favorites_page;
			sourceTree = "<group>";
		};
		1091DE5A2AC0DDEE008664E9 /* view */ = {
			isa = PBXGroup;
			children = (
				1091DE5B2AC0DE12008664E9 /* FavoritesTableViewCell.swift */,
			);
			path = view;
			sourceTree = "<group>";
		};
		10C9162E2A7821FE0054B55C = {
			isa = PBXGroup;
			children = (
				10369B432AACF25800558A5E /* googleapis.podspec */,
				10369B2F2AACF25700558A5E /* google */,
				10C916392A7821FE0054B55C /* TourismApp */,
				10C916382A7821FE0054B55C /* Products */,
				BA0BAD2840594147E2623CB0 /* Pods */,
				90D7170E2EAFBC4D7F5265EA /* Frameworks */,
			);
			sourceTree = "<group>";
		};
		10C916382A7821FE0054B55C /* Products */ = {
			isa = PBXGroup;
			children = (
				10C916372A7821FE0054B55C /* TourismApp.app */,
			);
			name = Products;
			sourceTree = "<group>";
		};
		10C916392A7821FE0054B55C /* TourismApp */ = {
			isa = PBXGroup;
			children = (
				108847E02ABEE5A800B835F8 /* Custom Views */,
				10369B532AACF2B100558A5E /* SpeechRecognitionService.swift */,
				10369B512AACF2A800558A5E /* AudioController.swift */,
				108FC87A2A883AF300A97BE0 /* TourismApp.entitlements */,
				10369B2C2AACA49800558A5E /* google_speech */,
				1051A2BD2A9BEE500083D25D /* customizations */,
				108FC8772A882EE500A97BE0 /* model */,
				108FC8742A882D4A00A97BE0 /* networking */,
				108FC86B2A87A0D100A97BE0 /* utils */,
				108FC8682A87A08900A97BE0 /* extensions */,
				108FC85D2A878BB200A97BE0 /* screens */,
				10C9163A2A7821FE0054B55C /* AppDelegate.swift */,
				10C9163C2A7821FE0054B55C /* SceneDelegate.swift */,
				10C916432A7821FE0054B55C /* Assets.xcassets */,
				10C916482A7821FE0054B55C /* Info.plist */,
				108FC8602A878DFA00A97BE0 /* others */,
				10369B562AAD05BA00558A5E /* Bridge.m */,
				10369B552AAD05B900558A5E /* TourismApp-Bridging-Header.h */,
			);
			path = TourismApp;
			sourceTree = "<group>";
		};
		10DEB84B2A92748E008CE34F /* main_page */ = {
			isa = PBXGroup;
			children = (
				10EB81422ABCBA0700D7126E /* API */,
				108B56502A9D1537000DF967 /* view */,
				10DEB84E2A9278FF008CE34F /* cell */,
				10DEB84C2A927877008CE34F /* MainViewController.swift */,
			);
			path = main_page;
			sourceTree = "<group>";
		};
		10DEB84E2A9278FF008CE34F /* cell */ = {
			isa = PBXGroup;
			children = (
				108B56552A9D2EE7000DF967 /* collection_cell */,
				10DEB84F2A92791D008CE34F /* MainTableViewCell.swift */,
			);
			path = cell;
			sourceTree = "<group>";
		};
		10EB81422ABCBA0700D7126E /* API */ = {
			isa = PBXGroup;
			children = (
				10EB81432ABCBA1200D7126E /* Main_API.swift */,
				10EB81452ABCBA7500D7126E /* MainModel.swift */,
			);
			path = API;
			sourceTree = "<group>";
		};
		8C56C12E2ABAD017007D1781 /* search_page */ = {
			isa = PBXGroup;
			children = (
				8C93A19B2ABB7F76009F96BA /* search_api */,
				8C56C1272ABAD005007D1781 /* SearchVC.swift */,
				8C0EFDBA2ABDFEFF008C101F /* ViewController.swift */,
				8C56C1262ABAD002007D1781 /* InfoWindowVC.swift */,
				8CA9559B2ABCC23B00F95261 /* ImageCollectionViewCell.swift */,
				8C56C1282ABAD008007D1781 /* GooglePlacesManager.swift */,
			);
			path = search_page;
			sourceTree = "<group>";
		};
		8C7A9C422ABAD106005F790D /* google_map */ = {
			isa = PBXGroup;
			children = (
				8C7A9C402ABAD0FE005F790D /* mapVC.swift */,
			);
			path = google_map;
			sourceTree = "<group>";
		};
		8C7A9C492ABAD11D005F790D /* view_all */ = {
			isa = PBXGroup;
			children = (
				8C7A9C442ABAD114005F790D /* ViewAllVC.swift */,
				8C7A9C432ABAD113005F790D /* ViewAllTableViewCell.swift */,
				8C7A9C452ABAD115005F790D /* LocationVC.swift */,
			);
			path = view_all;
			sourceTree = "<group>";
		};
		8C93A19B2ABB7F76009F96BA /* search_api */ = {
			isa = PBXGroup;
			children = (
				8C93A19C2ABB7F9C009F96BA /* search_api.swift */,
			);
			path = search_api;
			sourceTree = "<group>";
		};
		90D7170E2EAFBC4D7F5265EA /* Frameworks */ = {
			isa = PBXGroup;
			children = (
				3F6A5C0325368C51BDC06D5A /* Pods_TourismApp.framework */,
			);
			name = Frameworks;
			sourceTree = "<group>";
		};
		BA0BAD2840594147E2623CB0 /* Pods */ = {
			isa = PBXGroup;
			children = (
				C2302B2CBEDB114D937A8CB9 /* Pods-TourismApp.debug.xcconfig */,
				1BE165FE71FEBCA7F0F275C3 /* Pods-TourismApp.release.xcconfig */,
			);
			path = Pods;
			sourceTree = "<group>";
		};
/* End PBXGroup section */

/* Begin PBXNativeTarget section */
		10C916362A7821FE0054B55C /* TourismApp */ = {
			isa = PBXNativeTarget;
			buildConfigurationList = 10C9164B2A7821FE0054B55C /* Build configuration list for PBXNativeTarget "TourismApp" */;
			buildPhases = (
				058F7169E273874DC9E7C2F8 /* [CP] Check Pods Manifest.lock */,
				10C916332A7821FE0054B55C /* Sources */,
				10C916342A7821FE0054B55C /* Frameworks */,
				10C916352A7821FE0054B55C /* Resources */,
				1519A3C996C2C80F6F0AA64C /* [CP] Embed Pods Frameworks */,
				46620E5E2A2831237CA62112 /* [CP] Copy Pods Resources */,
			);
			buildRules = (
			);
			dependencies = (
			);
			name = TourismApp;
			packageProductDependencies = (
			);
			productName = TourismApp;
			productReference = 10C916372A7821FE0054B55C /* TourismApp.app */;
			productType = "com.apple.product-type.application";
		};
/* End PBXNativeTarget section */

/* Begin PBXProject section */
		10C9162F2A7821FE0054B55C /* Project object */ = {
			isa = PBXProject;
			attributes = {
				BuildIndependentTargetsInParallel = 1;
				LastSwiftUpdateCheck = 1430;
				LastUpgradeCheck = 1430;
				TargetAttributes = {
					10C916362A7821FE0054B55C = {
						CreatedOnToolsVersion = 14.3.1;
						LastSwiftMigration = 1430;
					};
				};
			};
			buildConfigurationList = 10C916322A7821FE0054B55C /* Build configuration list for PBXProject "TourismApp" */;
			compatibilityVersion = "Xcode 14.0";
			developmentRegion = en;
			hasScannedForEncodings = 0;
			knownRegions = (
				en,
				Base,
			);
			mainGroup = 10C9162E2A7821FE0054B55C;
			packageReferences = (
			);
			productRefGroup = 10C916382A7821FE0054B55C /* Products */;
			projectDirPath = "";
			projectRoot = "";
			targets = (
				10C916362A7821FE0054B55C /* TourismApp */,
			);
		};
/* End PBXProject section */

/* Begin PBXResourcesBuildPhase section */
		10C916352A7821FE0054B55C /* Resources */ = {
			isa = PBXResourcesBuildPhase;
			buildActionMask = 2147483647;
			files = (
				10C916472A7821FE0054B55C /* LaunchScreen.storyboard in Resources */,
				10C916442A7821FE0054B55C /* Assets.xcassets in Resources */,
				10369B502AACF25800558A5E /* googleapis.podspec in Resources */,
				10C916422A7821FE0054B55C /* Main.storyboard in Resources */,
			);
			runOnlyForDeploymentPostprocessing = 0;
		};
/* End PBXResourcesBuildPhase section */

/* Begin PBXShellScriptBuildPhase section */
		058F7169E273874DC9E7C2F8 /* [CP] Check Pods Manifest.lock */ = {
			isa = PBXShellScriptBuildPhase;
			buildActionMask = 2147483647;
			files = (
			);
			inputFileListPaths = (
			);
			inputPaths = (
				"${PODS_PODFILE_DIR_PATH}/Podfile.lock",
				"${PODS_ROOT}/Manifest.lock",
			);
			name = "[CP] Check Pods Manifest.lock";
			outputFileListPaths = (
			);
			outputPaths = (
				"$(DERIVED_FILE_DIR)/Pods-TourismApp-checkManifestLockResult.txt",
			);
			runOnlyForDeploymentPostprocessing = 0;
			shellPath = /bin/sh;
			shellScript = "diff \"${PODS_PODFILE_DIR_PATH}/Podfile.lock\" \"${PODS_ROOT}/Manifest.lock\" > /dev/null\nif [ $? != 0 ] ; then\n    # print error to STDERR\n    echo \"error: The sandbox is not in sync with the Podfile.lock. Run 'pod install' or update your CocoaPods installation.\" >&2\n    exit 1\nfi\n# This output is used by Xcode 'outputs' to avoid re-running this script phase.\necho \"SUCCESS\" > \"${SCRIPT_OUTPUT_FILE_0}\"\n";
			showEnvVarsInLog = 0;
		};
		1519A3C996C2C80F6F0AA64C /* [CP] Embed Pods Frameworks */ = {
			isa = PBXShellScriptBuildPhase;
			buildActionMask = 2147483647;
			files = (
			);
			inputFileListPaths = (
				"${PODS_ROOT}/Target Support Files/Pods-TourismApp/Pods-TourismApp-frameworks-${CONFIGURATION}-input-files.xcfilelist",
			);
			name = "[CP] Embed Pods Frameworks";
			outputFileListPaths = (
				"${PODS_ROOT}/Target Support Files/Pods-TourismApp/Pods-TourismApp-frameworks-${CONFIGURATION}-output-files.xcfilelist",
			);
			runOnlyForDeploymentPostprocessing = 0;
			shellPath = /bin/sh;
			shellScript = "\"${PODS_ROOT}/Target Support Files/Pods-TourismApp/Pods-TourismApp-frameworks.sh\"\n";
			showEnvVarsInLog = 0;
		};
		46620E5E2A2831237CA62112 /* [CP] Copy Pods Resources */ = {
			isa = PBXShellScriptBuildPhase;
			buildActionMask = 2147483647;
			files = (
			);
			inputFileListPaths = (
				"${PODS_ROOT}/Target Support Files/Pods-TourismApp/Pods-TourismApp-resources-${CONFIGURATION}-input-files.xcfilelist",
			);
			name = "[CP] Copy Pods Resources";
			outputFileListPaths = (
				"${PODS_ROOT}/Target Support Files/Pods-TourismApp/Pods-TourismApp-resources-${CONFIGURATION}-output-files.xcfilelist",
			);
			runOnlyForDeploymentPostprocessing = 0;
			shellPath = /bin/sh;
			shellScript = "\"${PODS_ROOT}/Target Support Files/Pods-TourismApp/Pods-TourismApp-resources.sh\"\n";
			showEnvVarsInLog = 0;
		};
/* End PBXShellScriptBuildPhase section */

/* Begin PBXSourcesBuildPhase section */
		10C916332A7821FE0054B55C /* Sources */ = {
			isa = PBXSourcesBuildPhase;
			buildActionMask = 2147483647;
			files = (
				10369B602AAD45FC00558A5E /* SiriWaveLine.swift in Sources */,
				108FC86F2A87A1B700A97BE0 /* ChatSenderCell.swift in Sources */,
				10369B492AACF25800558A5E /* annotations.proto in Sources */,
				108FC8732A87B20400A97BE0 /* UIViewController+Ext.swift in Sources */,
				10369B2B2AAC922400558A5E /* ExploreContentTableCell.swift in Sources */,
				10369B2E2AACA4B300558A5E /* speechService.swift in Sources */,
				8CC44D4C2ABEE92900A5ACC0 /* UIImageView.swift in Sources */,
				8C7A9C472ABAD115005F790D /* ViewAllVC.swift in Sources */,
				10369B4C2AACF25800558A5E /* status.proto in Sources */,
				108FC86A2A87A09C00A97BE0 /* UIColor+Ext.swift in Sources */,
				108B56572A9D2EFE000DF967 /* MainCollectionView.swift in Sources */,
				8C93A19D2ABB7F9C009F96BA /* search_api.swift in Sources */,
				1091DE562AC0DAC7008664E9 /* FavoritesModel.swift in Sources */,
				108847E22ABEE5F700B835F8 /* CustomNavButton.swift in Sources */,
				10369B5E2AAD45EC00558A5E /* SiriWaveView.swift in Sources */,
				10369B442AACF25800558A5E /* operations.proto in Sources */,
				108FC86D2A87A0D500A97BE0 /* UIColor.swift in Sources */,
				8C0EFDBB2ABDFEFF008C101F /* ViewController.swift in Sources */,
				10369B542AACF2B200558A5E /* SpeechRecognitionService.swift in Sources */,
				10369B462AACF25800558A5E /* cloud_speech.proto in Sources */,
				108B56542A9D25E3000DF967 /* SectionHeaderView.swift in Sources */,
				10369B4E2AACF25800558A5E /* error_details.proto in Sources */,
				10AD11E22ABF020E00F68BC9 /* AddToFavorite.swift in Sources */,
				10C9163B2A7821FE0054B55C /* AppDelegate.swift in Sources */,
				108FC8712A87AEDB00A97BE0 /* ChatBottomSendView.swift in Sources */,
				106B01442A9E694600D9290D /* AccountView.swift in Sources */,
				10DEB84D2A927877008CE34F /* MainViewController.swift in Sources */,
				108FC8672A879F8D00A97BE0 /* ChatRecieverCell.swift in Sources */,
				108FC8632A878FF900A97BE0 /* ChatViewController.swift in Sources */,
				10369B472AACF25800558A5E /* http.proto in Sources */,
				10369B282AABB98C00558A5E /* ExploreViewController.swift in Sources */,
				108FC8762A882D6000A97BE0 /* API.swift in Sources */,
				10EB81462ABCBA7500D7126E /* MainModel.swift in Sources */,
				10AD11E02ABF01A600F68BC9 /* Vibration.swift in Sources */,
				1051A2BC2A9BE8B50083D25D /* TestViewController.swift in Sources */,
				1051A2BF2A9BEE790083D25D /* LoaderView+ext.swift in Sources */,
				10DEB8502A92791D008CE34F /* MainTableViewCell.swift in Sources */,
				1046C6A82AC0F4E100A7A8D4 /* ActivityImageView.swift in Sources */,
				108FC87C2A883D5800A97BE0 /* File.swift in Sources */,
				8C7A9C412ABAD0FE005F790D /* mapVC.swift in Sources */,
				10369B4A2AACF25800558A5E /* label.proto in Sources */,
				10369B4B2AACF25800558A5E /* code.proto in Sources */,
				1051A2C12A9BEFB90083D25D /* LoaderView.swift in Sources */,
				108B56522A9D1541000DF967 /* HeaderView.swift in Sources */,
				8C56C12C2ABAD00B007D1781 /* GooglePlacesManager.swift in Sources */,
				10C9163D2A7821FE0054B55C /* SceneDelegate.swift in Sources */,
				10369B572AAD05BA00558A5E /* Bridge.m in Sources */,
				10369B482AACF25800558A5E /* monitored_resource.proto in Sources */,
				1046C6AB2AC122C800A7A8D4 /* StretchyCollectionViewCell.swift in Sources */,
				10740E662AA517D500C2D6C0 /* MainTabBarController.swift in Sources */,
				1091DE592AC0DDA4008664E9 /* FavoritesViewController.swift in Sources */,
				10369B592AAD0F7D00558A5E /* GoogleSpeechManager.swift in Sources */,
				8C56C12B2ABAD00B007D1781 /* SearchVC.swift in Sources */,
				10369B622AAD461600558A5E /* waveUtils.swift in Sources */,
				108FC8792A882EF900A97BE0 /* ChatModel.swift in Sources */,
				8CA9559C2ABCC23B00F95261 /* ImageCollectionViewCell.swift in Sources */,
				8C7A9C482ABAD115005F790D /* LocationVC.swift in Sources */,
				1091DE5C2AC0DE12008664E9 /* FavoritesTableViewCell.swift in Sources */,
				10EB81442ABCBA1200D7126E /* Main_API.swift in Sources */,
				8C7A9C462ABAD115005F790D /* ViewAllTableViewCell.swift in Sources */,
				8C56C12A2ABAD00B007D1781 /* InfoWindowVC.swift in Sources */,
				1051A2C32A9BF3320083D25D /* SpinnerView.swift in Sources */,
				10369B522AACF2A800558A5E /* AudioController.swift in Sources */,
				10369B4F2AACF25800558A5E /* descriptor.proto in Sources */,
			);
			runOnlyForDeploymentPostprocessing = 0;
		};
/* End PBXSourcesBuildPhase section */

/* Begin PBXVariantGroup section */
		10C916402A7821FE0054B55C /* Main.storyboard */ = {
			isa = PBXVariantGroup;
			children = (
				10C916412A7821FE0054B55C /* Base */,
			);
			name = Main.storyboard;
			sourceTree = "<group>";
		};
		10C916452A7821FE0054B55C /* LaunchScreen.storyboard */ = {
			isa = PBXVariantGroup;
			children = (
				10C916462A7821FE0054B55C /* Base */,
			);
			name = LaunchScreen.storyboard;
			sourceTree = "<group>";
		};
/* End PBXVariantGroup section */

/* Begin XCBuildConfiguration section */
		10C916492A7821FE0054B55C /* Debug */ = {
			isa = XCBuildConfiguration;
			buildSettings = {
				ALWAYS_SEARCH_USER_PATHS = NO;
				CLANG_ANALYZER_NONNULL = YES;
				CLANG_ANALYZER_NUMBER_OBJECT_CONVERSION = YES_AGGRESSIVE;
				CLANG_CXX_LANGUAGE_STANDARD = "gnu++20";
				CLANG_ENABLE_MODULES = YES;
				CLANG_ENABLE_OBJC_ARC = YES;
				CLANG_ENABLE_OBJC_WEAK = YES;
				CLANG_WARN_BLOCK_CAPTURE_AUTORELEASING = YES;
				CLANG_WARN_BOOL_CONVERSION = YES;
				CLANG_WARN_COMMA = YES;
				CLANG_WARN_CONSTANT_CONVERSION = YES;
				CLANG_WARN_DEPRECATED_OBJC_IMPLEMENTATIONS = YES;
				CLANG_WARN_DIRECT_OBJC_ISA_USAGE = YES_ERROR;
				CLANG_WARN_DOCUMENTATION_COMMENTS = YES;
				CLANG_WARN_EMPTY_BODY = YES;
				CLANG_WARN_ENUM_CONVERSION = YES;
				CLANG_WARN_INFINITE_RECURSION = YES;
				CLANG_WARN_INT_CONVERSION = YES;
				CLANG_WARN_NON_LITERAL_NULL_CONVERSION = YES;
				CLANG_WARN_OBJC_IMPLICIT_RETAIN_SELF = YES;
				CLANG_WARN_OBJC_LITERAL_CONVERSION = YES;
				CLANG_WARN_OBJC_ROOT_CLASS = YES_ERROR;
				CLANG_WARN_QUOTED_INCLUDE_IN_FRAMEWORK_HEADER = YES;
				CLANG_WARN_RANGE_LOOP_ANALYSIS = YES;
				CLANG_WARN_STRICT_PROTOTYPES = YES;
				CLANG_WARN_SUSPICIOUS_MOVE = YES;
				CLANG_WARN_UNGUARDED_AVAILABILITY = YES_AGGRESSIVE;
				CLANG_WARN_UNREACHABLE_CODE = YES;
				CLANG_WARN__DUPLICATE_METHOD_MATCH = YES;
				COPY_PHASE_STRIP = NO;
				DEBUG_INFORMATION_FORMAT = dwarf;
				ENABLE_STRICT_OBJC_MSGSEND = YES;
				ENABLE_TESTABILITY = YES;
				GCC_C_LANGUAGE_STANDARD = gnu11;
				GCC_DYNAMIC_NO_PIC = NO;
				GCC_NO_COMMON_BLOCKS = YES;
				GCC_OPTIMIZATION_LEVEL = 0;
				GCC_PREPROCESSOR_DEFINITIONS = (
					"DEBUG=1",
					"$(inherited)",
				);
				GCC_WARN_64_TO_32_BIT_CONVERSION = YES;
				GCC_WARN_ABOUT_RETURN_TYPE = YES_ERROR;
				GCC_WARN_UNDECLARED_SELECTOR = YES;
				GCC_WARN_UNINITIALIZED_AUTOS = YES_AGGRESSIVE;
				GCC_WARN_UNUSED_FUNCTION = YES;
				GCC_WARN_UNUSED_VARIABLE = YES;
				IPHONEOS_DEPLOYMENT_TARGET = 16.4;
				MTL_ENABLE_DEBUG_INFO = INCLUDE_SOURCE;
				MTL_FAST_MATH = YES;
				ONLY_ACTIVE_ARCH = YES;
				SDKROOT = iphoneos;
				SWIFT_ACTIVE_COMPILATION_CONDITIONS = DEBUG;
				SWIFT_OPTIMIZATION_LEVEL = "-Onone";
			};
			name = Debug;
		};
		10C9164A2A7821FE0054B55C /* Release */ = {
			isa = XCBuildConfiguration;
			buildSettings = {
				ALWAYS_SEARCH_USER_PATHS = NO;
				CLANG_ANALYZER_NONNULL = YES;
				CLANG_ANALYZER_NUMBER_OBJECT_CONVERSION = YES_AGGRESSIVE;
				CLANG_CXX_LANGUAGE_STANDARD = "gnu++20";
				CLANG_ENABLE_MODULES = YES;
				CLANG_ENABLE_OBJC_ARC = YES;
				CLANG_ENABLE_OBJC_WEAK = YES;
				CLANG_WARN_BLOCK_CAPTURE_AUTORELEASING = YES;
				CLANG_WARN_BOOL_CONVERSION = YES;
				CLANG_WARN_COMMA = YES;
				CLANG_WARN_CONSTANT_CONVERSION = YES;
				CLANG_WARN_DEPRECATED_OBJC_IMPLEMENTATIONS = YES;
				CLANG_WARN_DIRECT_OBJC_ISA_USAGE = YES_ERROR;
				CLANG_WARN_DOCUMENTATION_COMMENTS = YES;
				CLANG_WARN_EMPTY_BODY = YES;
				CLANG_WARN_ENUM_CONVERSION = YES;
				CLANG_WARN_INFINITE_RECURSION = YES;
				CLANG_WARN_INT_CONVERSION = YES;
				CLANG_WARN_NON_LITERAL_NULL_CONVERSION = YES;
				CLANG_WARN_OBJC_IMPLICIT_RETAIN_SELF = YES;
				CLANG_WARN_OBJC_LITERAL_CONVERSION = YES;
				CLANG_WARN_OBJC_ROOT_CLASS = YES_ERROR;
				CLANG_WARN_QUOTED_INCLUDE_IN_FRAMEWORK_HEADER = YES;
				CLANG_WARN_RANGE_LOOP_ANALYSIS = YES;
				CLANG_WARN_STRICT_PROTOTYPES = YES;
				CLANG_WARN_SUSPICIOUS_MOVE = YES;
				CLANG_WARN_UNGUARDED_AVAILABILITY = YES_AGGRESSIVE;
				CLANG_WARN_UNREACHABLE_CODE = YES;
				CLANG_WARN__DUPLICATE_METHOD_MATCH = YES;
				COPY_PHASE_STRIP = NO;
				DEBUG_INFORMATION_FORMAT = "dwarf-with-dsym";
				ENABLE_NS_ASSERTIONS = NO;
				ENABLE_STRICT_OBJC_MSGSEND = YES;
				GCC_C_LANGUAGE_STANDARD = gnu11;
				GCC_NO_COMMON_BLOCKS = YES;
				GCC_WARN_64_TO_32_BIT_CONVERSION = YES;
				GCC_WARN_ABOUT_RETURN_TYPE = YES_ERROR;
				GCC_WARN_UNDECLARED_SELECTOR = YES;
				GCC_WARN_UNINITIALIZED_AUTOS = YES_AGGRESSIVE;
				GCC_WARN_UNUSED_FUNCTION = YES;
				GCC_WARN_UNUSED_VARIABLE = YES;
				IPHONEOS_DEPLOYMENT_TARGET = 16.4;
				MTL_ENABLE_DEBUG_INFO = NO;
				MTL_FAST_MATH = YES;
				SDKROOT = iphoneos;
				SWIFT_COMPILATION_MODE = wholemodule;
				SWIFT_OPTIMIZATION_LEVEL = "-O";
				VALIDATE_PRODUCT = YES;
			};
			name = Release;
		};
		10C9164C2A7821FE0054B55C /* Debug */ = {
			isa = XCBuildConfiguration;
			baseConfigurationReference = C2302B2CBEDB114D937A8CB9 /* Pods-TourismApp.debug.xcconfig */;
			buildSettings = {
				ASSETCATALOG_COMPILER_APPICON_NAME = AppIcon;
				ASSETCATALOG_COMPILER_GLOBAL_ACCENT_COLOR_NAME = AccentColor;
				CLANG_ENABLE_MODULES = YES;
				CODE_SIGN_ENTITLEMENTS = TourismApp/TourismApp.entitlements;
				CODE_SIGN_STYLE = Automatic;
				CURRENT_PROJECT_VERSION = 1;
				DEVELOPMENT_TEAM = FZU84SDGV7;
				GENERATE_INFOPLIST_FILE = YES;
				INFOPLIST_FILE = TourismApp/Info.plist;
				INFOPLIST_KEY_LSApplicationCategoryType = "";
				INFOPLIST_KEY_NSLocationAlwaysUsageDescription = "We need your location";
				INFOPLIST_KEY_NSLocationUsageDescription = "Please allow app to get your location";
				INFOPLIST_KEY_NSLocationWhenInUseUsageDescription = "Please allow app to get your location";
				INFOPLIST_KEY_NSMicrophoneUsageDescription = "We need access to your microphone to get your voice";
				INFOPLIST_KEY_UIApplicationSupportsIndirectInputEvents = YES;
				INFOPLIST_KEY_UILaunchStoryboardName = LaunchScreen;
				INFOPLIST_KEY_UISupportedInterfaceOrientations = UIInterfaceOrientationPortrait;
				INFOPLIST_KEY_UISupportedInterfaceOrientations_iPad = "UIInterfaceOrientationLandscapeLeft UIInterfaceOrientationLandscapeRight UIInterfaceOrientationPortrait UIInterfaceOrientationPortraitUpsideDown";
				IPHONEOS_DEPLOYMENT_TARGET = 13.0;
				LD_RUNPATH_SEARCH_PATHS = (
					"$(inherited)",
					"@executable_path/Frameworks",
				);
				MARKETING_VERSION = 1.0;
				PRODUCT_BUNDLE_IDENTIFIER = com.mekhriddin.TourismApp;
				PRODUCT_NAME = "$(TARGET_NAME)";
				SUPPORTED_PLATFORMS = "iphoneos iphonesimulator";
				SUPPORTS_MACCATALYST = NO;
				SWIFT_EMIT_LOC_STRINGS = YES;
				SWIFT_OBJC_BRIDGING_HEADER = "TourismApp/TourismApp-Bridging-Header.h";
				SWIFT_OPTIMIZATION_LEVEL = "-Onone";
				SWIFT_VERSION = 5.0;
				TARGETED_DEVICE_FAMILY = 1;
			};
			name = Debug;
		};
		10C9164D2A7821FE0054B55C /* Release */ = {
			isa = XCBuildConfiguration;
			baseConfigurationReference = 1BE165FE71FEBCA7F0F275C3 /* Pods-TourismApp.release.xcconfig */;
			buildSettings = {
				ASSETCATALOG_COMPILER_APPICON_NAME = AppIcon;
				ASSETCATALOG_COMPILER_GLOBAL_ACCENT_COLOR_NAME = AccentColor;
				CLANG_ENABLE_MODULES = YES;
				CODE_SIGN_ENTITLEMENTS = TourismApp/TourismApp.entitlements;
				CODE_SIGN_STYLE = Automatic;
				CURRENT_PROJECT_VERSION = 1;
				DEVELOPMENT_TEAM = FZU84SDGV7;
				GENERATE_INFOPLIST_FILE = YES;
				INFOPLIST_FILE = TourismApp/Info.plist;
				INFOPLIST_KEY_LSApplicationCategoryType = "";
				INFOPLIST_KEY_NSLocationAlwaysUsageDescription = "We need your location";
				INFOPLIST_KEY_NSLocationUsageDescription = "Please allow app to get your location";
				INFOPLIST_KEY_NSLocationWhenInUseUsageDescription = "Please allow app to get your location";
				INFOPLIST_KEY_NSMicrophoneUsageDescription = "We need access to your microphone to get your voice";
				INFOPLIST_KEY_UIApplicationSupportsIndirectInputEvents = YES;
				INFOPLIST_KEY_UILaunchStoryboardName = LaunchScreen;
				INFOPLIST_KEY_UISupportedInterfaceOrientations = UIInterfaceOrientationPortrait;
				INFOPLIST_KEY_UISupportedInterfaceOrientations_iPad = "UIInterfaceOrientationLandscapeLeft UIInterfaceOrientationLandscapeRight UIInterfaceOrientationPortrait UIInterfaceOrientationPortraitUpsideDown";
				IPHONEOS_DEPLOYMENT_TARGET = 13.0;
				LD_RUNPATH_SEARCH_PATHS = (
					"$(inherited)",
					"@executable_path/Frameworks",
				);
				MARKETING_VERSION = 1.0;
				PRODUCT_BUNDLE_IDENTIFIER = com.mekhriddin.TourismApp;
				PRODUCT_NAME = "$(TARGET_NAME)";
				SUPPORTED_PLATFORMS = "iphoneos iphonesimulator";
				SUPPORTS_MACCATALYST = NO;
				SWIFT_EMIT_LOC_STRINGS = YES;
				SWIFT_OBJC_BRIDGING_HEADER = "TourismApp/TourismApp-Bridging-Header.h";
				SWIFT_VERSION = 5.0;
				TARGETED_DEVICE_FAMILY = 1;
			};
			name = Release;
		};
/* End XCBuildConfiguration section */

/* Begin XCConfigurationList section */
		10C916322A7821FE0054B55C /* Build configuration list for PBXProject "TourismApp" */ = {
			isa = XCConfigurationList;
			buildConfigurations = (
				10C916492A7821FE0054B55C /* Debug */,
				10C9164A2A7821FE0054B55C /* Release */,
			);
			defaultConfigurationIsVisible = 0;
			defaultConfigurationName = Release;
		};
		10C9164B2A7821FE0054B55C /* Build configuration list for PBXNativeTarget "TourismApp" */ = {
			isa = XCConfigurationList;
			buildConfigurations = (
				10C9164C2A7821FE0054B55C /* Debug */,
				10C9164D2A7821FE0054B55C /* Release */,
			);
			defaultConfigurationIsVisible = 0;
			defaultConfigurationName = Release;
		};
/* End XCConfigurationList section */
	};
	rootObject = 10C9162F2A7821FE0054B55C /* Project object */;
}
